
Microsoft Visual Studio Solution File, Format Version 11.00
# Visual Studio 2010
Project("{FAE04EC0-301F-11D3-BF4B-00C04F79EFBC}") = "Drone Demo", "Assembly-CSharp-Editor.csproj", "{485C0D4E-15E9-BCB1-A0DE-EE14BCB9732F}"
EndProject
Project("{FAE04EC0-301F-11D3-BF4B-00C04F79EFBC}") = "Drone Demo", "Assembly-CSharp.csproj", "{43090760-32B2-9E72-AD37-E3E7C2A0B95A}"
EndProject
Global
	GlobalSection(SolutionConfigurationPlatforms) = preSolution
		Debug|Any CPU = Debug|Any CPU
		Release|Any CPU = Release|Any CPU
	EndGlobalSection
	GlobalSection(ProjectConfigurationPlatforms) = postSolution
		{485C0D4E-15E9-BCB1-A0DE-EE14BCB9732F}.Debug|Any CPU.ActiveCfg = Debug|Any CPU
		{485C0D4E-15E9-BCB1-A0DE-EE14BCB9732F}.Debug|Any CPU.Build.0 = Debug|Any CPU
		{485C0D4E-15E9-BCB1-A0DE-EE14BCB9732F}.Release|Any CPU.ActiveCfg = Release|Any CPU
		{485C0D4E-15E9-BCB1-A0DE-EE14BCB9732F}.Release|Any CPU.Build.0 = Release|Any CPU
		{43090760-32B2-9E72-AD37-E3E7C2A0B95A}.Debug|Any CPU.ActiveCfg = Debug|Any CPU
		{43090760-32B2-9E72-AD37-E3E7C2A0B95A}.Debug|Any CPU.Build.0 = Debug|Any CPU
		{43090760-32B2-9E72-AD37-E3E7C2A0B95A}.Release|Any CPU.ActiveCfg = Release|Any CPU
		{43090760-32B2-9E72-AD37-E3E7C2A0B95A}.Release|Any CPU.Build.0 = Release|Any CPU
	EndGlobalSection
	GlobalSection(SolutionProperties) = preSolution
		HideSolutionNode = FALSE
	EndGlobalSection
	GlobalSection(MonoDevelopProperties) = preSolution
		StartupItem = Assembly-CSharp.csproj
	EndGlobalSection
EndGlobal
